schema: '2.0'
stages:
  data_ingestion:
    cmd: python src/data/data_ingestion.py
    deps:
    - path: src/data/data_ingestion.py
      hash: md5
      md5: 05df3f6c740a567ff566baf0ea92ab4d
      size: 4213
    params:
      params.yaml:
        data_ingestion.test_size: 0.15
    outs:
    - path: data/raw
      hash: md5
      md5: 451c8580e0372bfd1fa121b3e137b989.dir
      size: 1006158
      nfiles: 2
  data_preprocessing:
    cmd: python src/data/data_preprocessing.py
    deps:
    - path: data/raw
      hash: md5
      md5: 451c8580e0372bfd1fa121b3e137b989.dir
      size: 1006158
      nfiles: 2
    - path: src/data/data_preprocessing.py
      hash: md5
      md5: f51e132d80b7e7a1abcc462aea4509b4
      size: 6496
    outs:
    - path: data/interim
      hash: md5
      md5: ae6c39d40a0c84d18828c00d38902dff.dir
      size: 693605
      nfiles: 2
  feature_engineering:
    cmd: python src/features/feature_engineering.py
    deps:
    - path: data/interim
      hash: md5
      md5: ae6c39d40a0c84d18828c00d38902dff.dir
      size: 693605
      nfiles: 2
    - path: src/features/feature_engineering.py
      hash: md5
      md5: 70417fae6cd4f83936dc21995b5645b0
      size: 4533
    params:
      params.yaml:
        feature_engineering.max_features: 75
    outs:
    - path: data/processed
      hash: md5
      md5: a40233c4682408482319f42a3a85896f.dir
      size: 4495582
      nfiles: 2
  model_building:
    cmd: python src/models/model_building.py
    deps:
    - path: data/processed/train_bow.csv
      hash: md5
      md5: 8938f6aadbedb16e01b01e58544bde45
      size: 3822924
    - path: src/models/model_building.py
      hash: md5
      md5: c0771d76f752ce83a4955309c6788b4c
      size: 3855
    params:
      params.yaml:
        model_building.learning_rate: 0.08
        model_building.n_estimators: 200
    outs:
    - path: models/model.pkl
      hash: md5
      md5: 05094c17d15471075ceb87507c4a772f
      size: 263517
  model_evaluation:
    cmd: python src/models/model_evaluation.py
    deps:
    - path: data/processed/test_bow.csv
      hash: md5
      md5: 715ebd3368b5fd0e7109a7833453531f
      size: 672658
    - path: models/model.pkl
      hash: md5
      md5: 05094c17d15471075ceb87507c4a772f
      size: 263517
    - path: src/models/model_evaluation.py
      hash: md5
      md5: 64d43f14c011fccc86b7d820d8bec3fd
      size: 5249
    outs:
    - path: reports/metrics.json
      hash: md5
      md5: a898b73a85141d0a03685d5947b5e797
      size: 145
